
Microsoft Visual Studio Solution File, Format Version 12.00
# Visual Studio Version 17
VisualStudioVersion = 17.4.33110.190
MinimumVisualStudioVersion = 10.0.40219.1
Project("{FAE04EC0-301F-11D3-BF4B-00C04F79EFBC}") = "NoSubFind", "NoSubFind.csproj", "{6FC89229-1388-4852-BACE-1FFD6651BF99}"
EndProject
Global
	GlobalSection(SolutionConfigurationPlatforms) = preSolution
		Debug|Any CPU = Debug|Any CPU
		Release|Any CPU = Release|Any CPU
	EndGlobalSection
	GlobalSection(ProjectConfigurationPlatforms) = postSolution
		{6FC89229-1388-4852-BACE-1FFD6651BF99}.Debug|Any CPU.ActiveCfg = Debug|Any CPU
		{6FC89229-1388-4852-BACE-1FFD6651BF99}.Debug|Any CPU.Build.0 = Debug|Any CPU
		{6FC89229-1388-4852-BACE-1FFD6651BF99}.Release|Any CPU.ActiveCfg = Release|Any CPU
		{6FC89229-1388-4852-BACE-1FFD6651BF99}.Release|Any CPU.Build.0 = Release|Any CPU
	EndGlobalSection
	GlobalSection(SolutionProperties) = preSolution
		HideSolutionNode = FALSE
	EndGlobalSection
	GlobalSection(ExtensibilityGlobals) = postSolution
		SolutionGuid = {933EFF39-DB4F-4AFF-A765-9E77ECAAE537}
	EndGlobalSection
EndGlobal
